// !$*UTF8*$!
{
	archiveVersion = 1;
	classes = {
	};
	objectVersion = 48;
	objects = {

/* Begin PBXBuildFile section */
		CBB818562079FAFE005BD1F8 /* AppDelegate.m in Sources */ = {isa = PBXBuildFile; fileRef = CBB818552079FAFE005BD1F8 /* AppDelegate.m */; };
		CBB818592079FAFE005BD1F8 /* ViewController.m in Sources */ = {isa = PBXBuildFile; fileRef = CBB818582079FAFE005BD1F8 /* ViewController.m */; };
		CBB8185C2079FAFE005BD1F8 /* Main.storyboard in Resources */ = {isa = PBXBuildFile; fileRef = CBB8185A2079FAFE005BD1F8 /* Main.storyboard */; };
		CBB8185E2079FAFE005BD1F8 /* Assets.xcassets in Resources */ = {isa = PBXBuildFile; fileRef = CBB8185D2079FAFE005BD1F8 /* Assets.xcassets */; };
		CBB818612079FAFE005BD1F8 /* LaunchScreen.storyboard in Resources */ = {isa = PBXBuildFile; fileRef = CBB8185F2079FAFE005BD1F8 /* LaunchScreen.storyboard */; };
		CBB818642079FAFE005BD1F8 /* main.m in Sources */ = {isa = PBXBuildFile; fileRef = CBB818632079FAFE005BD1F8 /* main.m */; };
/* End PBXBuildFile section */

/* Begin PBXFileReference section */
		CBB818512079FAFE005BD1F8 /* Dream_Begin.app */ = {isa = PBXFileReference; explicitFileType = wrapper.application; includeInIndex = 0; path = Dream_Begin.app; sourceTree = BUILT_PRODUCTS_DIR; };
		CBB818542079FAFE005BD1F8 /* AppDelegate.h */ = {isa = PBXFileReference; lastKnownFileType = sourcecode.c.h; path = AppDelegate.h; sourceTree = "<group>"; };
		CBB818552079FAFE005BD1F8 /* AppDelegate.m */ = {isa = PBXFileReference; lastKnownFileType = sourcecode.c.objc; path = AppDelegate.m; sourceTree = "<group>"; };
		CBB818572079FAFE005BD1F8 /* ViewController.h */ = {isa = PBXFileReference; lastKnownFileType = sourcecode.c.h; path = ViewController.h; sourceTree = "<group>"; };
		CBB818582079FAFE005BD1F8 /* ViewController.m */ = {isa = PBXFileReference; lastKnownFileType = sourcecode.c.objc; path = ViewController.m; sourceTree = "<group>"; };
		CBB8185B2079FAFE005BD1F8 /* Base */ = {isa = PBXFileReference; lastKnownFileType = file.storyboard; name = Base; path = Base.lproj/Main.storyboard; sourceTree = "<group>"; };
		CBB8185D2079FAFE005BD1F8 /* Assets.xcassets */ = {isa = PBXFileReference; lastKnownFileType = folder.assetcatalog; path = Assets.xcassets; sourceTree = "<group>"; };
		CBB818602079FAFE005BD1F8 /* Base */ = {isa = PBXFileReference; lastKnownFileType = file.storyboard; name = Base; path = Base.lproj/LaunchScreen.storyboard; sourceTree = "<group>"; };
		CBB818622079FAFE005BD1F8 /* Info.plist */ = {isa = PBXFileReference; lastKnownFileType = text.plist.xml; path = Info.plist; sourceTree = "<group>"; };
		CBB818632079FAFE005BD1F8 /* main.m */ = {isa = PBXFileReference; lastKnownFileType = sourcecode.c.objc; path = main.m; sourceTree = "<group>"; };
/* End PBXFileReference section */

/* Begin PBXFrameworksBuildPhase section */
		CBB8184E2079FAFE005BD1F8 /* Frameworks */ = {
			isa = PBXFrameworksBuildPhase;
			buildActionMask = 2147483647;
			files = (
			);
			runOnlyForDeploymentPostprocessing = 0;
		};
/* End PBXFrameworksBuildPhase section */

/* Begin PBXGroup section */
		CBB818482079FAFE005BD1F8 = {
			isa = PBXGroup;
			children = (
				CBB818532079FAFE005BD1F8 /* Dream_Begin */,
				CBB818522079FAFE005BD1F8 /* Products */,
			);
			sourceTree = "<group>";
		};
		CBB818522079FAFE005BD1F8 /* Products */ = {
			isa = PBXGroup;
			children = (
				CBB818512079FAFE005BD1F8 /* Dream_Begin.app */,
			);
			name = Products;
			sourceTree = "<group>";
		};
		CBB818532079FAFE005BD1F8 /* Dream_Begin */ = {
			isa = PBXGroup;
			children = (
				CBB818542079FAFE005BD1F8 /* AppDelegate.h */,
				CBB818552079FAFE005BD1F8 /* AppDelegate.m */,
				CBB818572079FAFE005BD1F8 /* ViewController.h */,
				CBB818582079FAFE005BD1F8 /* ViewController.m */,
				CBB8185A2079FAFE005BD1F8 /* Main.storyboard */,
				CBB8185D2079FAFE005BD1F8 /* Assets.xcassets */,
				CBB8185F2079FAFE005BD1F8 /* LaunchScreen.storyboard */,
				CBB818622079FAFE005BD1F8 /* Info.plist */,
				CBB818632079FAFE005BD1F8 /* main.m */,
			);
			path = Dream_Begin;
			sourceTree = "<group>";
		};
/* End PBXGroup section */

/* Begin PBXNativeTarget section */
		CBB818502079FAFE005BD1F8 /* Dream_Begin */ = {
			isa = PBXNativeTarget;
			buildConfigurationList = CBB818672079FAFE005BD1F8 /* Build configuration list for PBXNativeTarget "Dream_Begin" */;
			buildPhases = (
				CBB8184D2079FAFE005BD1F8 /* Sources */,
				CBB8184E2079FAFE005BD1F8 /* Frameworks */,
				CBB8184F2079FAFE005BD1F8 /* Resources */,
			);
			buildRules = (
			);
			dependencies = (
			);
			name = Dream_Begin;
			productName = Dream_Begin;
			productReference = CBB818512079FAFE005BD1F8 /* Dream_Begin.app */;
			productType = "com.apple.product-type.application";
		};
/* End PBXNativeTarget section */

/* Begin PBXProject section */
		CBB818492079FAFE005BD1F8 /* Project object */ = {
			isa = PBXProject;
			attributes = {
				LastUpgradeCheck = 0920;
				ORGANIZATIONNAME = hanhong;
				TargetAttributes = {
					CBB818502079FAFE005BD1F8 = {
						CreatedOnToolsVersion = 9.2;
						ProvisioningStyle = Automatic;
					};
				};
			};
			buildConfigurationList = CBB8184C2079FAFE005BD1F8 /* Build configuration list for PBXProject "Dream_Begin" */;
			compatibilityVersion = "Xcode 8.0";
			developmentRegion = en;
			hasScannedForEncodings = 0;
			knownRegions = (
				en,
				Base,
			);
			mainGroup = CBB818482079FAFE005BD1F8;
			productRefGroup = CBB818522079FAFE005BD1F8 /* Products */;
			projectDirPath = "";
			projectRoot = "";
			targets = (
				CBB818502079FAFE005BD1F8 /* Dream_Begin */,
			);
		};
/* End PBXProject section */

/* Begin PBXResourcesBuildPhase section */
		CBB8184F2079FAFE005BD1F8 /* Resources */ = {
			isa = PBXResourcesBuildPhase;
			buildActionMask = 2147483647;
			files = (
				CBB818612079FAFE005BD1F8 /* LaunchScreen.storyboard in Resources */,
				CBB8185E2079FAFE005BD1F8 /* Assets.xcassets in Resources */,
				CBB8185C2079FAFE005BD1F8 /* Main.storyboard in Resources */,
			);
			runOnlyForDeploymentPostprocessing = 0;
		};
/* End PBXResourcesBuildPhase section */

/* Begin PBXSourcesBuildPhase section */
		CBB8184D2079FAFE005BD1F8 /* Sources */ = {
			isa = PBXSourcesBuildPhase;
			buildActionMask = 2147483647;
			files = (
				CBB818592079FAFE005BD1F8 /* ViewController.m in Sources */,
				CBB818642079FAFE005BD1F8 /* main.m in Sources */,
				CBB818562079FAFE005BD1F8 /* AppDelegate.m in Sources */,
			);
			runOnlyForDeploymentPostprocessing = 0;
		};
/* End PBXSourcesBuildPhase section */

/* Begin PBXVariantGroup section */
		CBB8185A2079FAFE005BD1F8 /* Main.storyboard */ = {
			isa = PBXVariantGroup;
			children = (
				CBB8185B2079FAFE005BD1F8 /* Base */,
			);
			name = Main.storyboard;
			sourceTree = "<group>";
		};
		CBB8185F2079FAFE005BD1F8 /* LaunchScreen.storyboard */ = {
			isa = PBXVariantGroup;
			children = (
				CBB818602079FAFE005BD1F8 /* Base */,
			);
			name = LaunchScreen.storyboard;
			sourceTree = "<group>";
		};
/* End PBXVariantGroup section */

/* Begin XCBuildConfiguration section */
		CBB818652079FAFE005BD1F8 /* Debug */ = {
			isa = XCBuildConfiguration;
			buildSettings = {
				ALWAYS_SEARCH_USER_PATHS = NO;
				CLANG_ANALYZER_NONNULL = YES;
				CLANG_ANALYZER_NUMBER_OBJECT_CONVERSION = YES_AGGRESSIVE;
				CLANG_CXX_LANGUAGE_STANDARD = "gnu++14";
				CLANG_CXX_LIBRARY = "libc++";
				CLANG_ENABLE_MODULES = YES;
				CLANG_ENABLE_OBJC_ARC = YES;
				CLANG_WARN_BLOCK_CAPTURE_AUTORELEASING = YES;
				CLANG_WARN_BOOL_CONVERSION = YES;
				CLANG_WARN_COMMA = YES;
				CLANG_WARN_CONSTANT_CONVERSION = YES;
				CLANG_WARN_DIRECT_OBJC_ISA_USAGE = YES_ERROR;
				CLANG_WARN_DOCUMENTATION_COMMENTS = YES;
				CLANG_WARN_EMPTY_BODY = YES;
				CLANG_WARN_ENUM_CONVERSION = YES;
				CLANG_WARN_INFINITE_RECURSION = YES;
				CLANG_WARN_INT_CONVERSION = YES;
				CLANG_WARN_NON_LITERAL_NULL_CONVERSION = YES;
				CLANG_WARN_OBJC_LITERAL_CONVERSION = YES;
				CLANG_WARN_OBJC_ROOT_CLASS = YES_ERROR;
				CLANG_WARN_RANGE_LOOP_ANALYSIS = YES;
				CLANG_WARN_STRICT_PROTOTYPES = YES;
				CLANG_WARN_SUSPICIOUS_MOVE = YES;
				CLANG_WARN_UNGUARDED_AVAILABILITY = YES_AGGRESSIVE;
				CLANG_WARN_UNREACHABLE_CODE = YES;
				CLANG_WARN__DUPLICATE_METHOD_MATCH = YES;
				CODE_SIGN_IDENTITY = "iPhone Developer";
				COPY_PHASE_STRIP = NO;
				DEBUG_INFORMATION_FORMAT = dwarf;
				ENABLE_STRICT_OBJC_MSGSEND = YES;
				ENABLE_TESTABILITY = YES;
				GCC_C_LANGUAGE_STANDARD = gnu11;
				GCC_DYNAMIC_NO_PIC = NO;
				GCC_NO_COMMON_BLOCKS = YES;
				GCC_OPTIMIZATION_LEVEL = 0;
				GCC_PREPROCESSOR_DEFINITIONS = (
					"DEBUG=1",
					"$(inherited)",
				);
				GCC_WARN_64_TO_32_BIT_CONVERSION = YES;
				GCC_WARN_ABOUT_RETURN_TYPE = YES_ERROR;
				GCC_WARN_UNDECLARED_SELECTOR = YES;
				GCC_WARN_UNINITIALIZED_AUTOS = YES_AGGRESSIVE;
				GCC_WARN_UNUSED_FUNCTION = YES;
				GCC_WARN_UNUSED_VARIABLE = YES;
				IPHONEOS_DEPLOYMENT_TARGET = 11.2;
				MTL_ENABLE_DEBUG_INFO = YES;
				ONLY_ACTIVE_ARCH = YES;
				SDKROOT = iphoneos;
			};
			name = Debug;
		};
		CBB818662079FAFE005BD1F8 /* Release */ = {
			isa = XCBuildConfiguration;
			buildSettings = {
				ALWAYS_SEARCH_USER_PATHS = NO;
				CLANG_ANALYZER_NONNULL = YES;
				CLANG_ANALYZER_NUMBER_OBJECT_CONVERSION = YES_AGGRESSIVE;
				CLANG_CXX_LANGUAGE_STANDARD = "gnu++14";
				CLANG_CXX_LIBRARY = "libc++";
				CLANG_ENABLE_MODULES = YES;
				CLANG_ENABLE_OBJC_ARC = YES;
				CLANG_WARN_BLOCK_CAPTURE_AUTORELEASING = YES;
				CLANG_WARN_BOOL_CONVERSION = YES;
				CLANG_WARN_COMMA = YES;
				CLANG_WARN_CONSTANT_CONVERSION = YES;
				CLANG_WARN_DIRECT_OBJC_ISA_USAGE = YES_ERROR;
				CLANG_WARN_DOCUMENTATION_COMMENTS = YES;
				CLANG_WARN_EMPTY_BODY = YES;
				CLANG_WARN_ENUM_CONVERSION = YES;
				CLANG_WARN_INFINITE_RECURSION = YES;
				CLANG_WARN_INT_CONVERSION = YES;
				CLANG_WARN_NON_LITERAL_NULL_CONVERSION = YES;
				CLANG_WARN_OBJC_LITERAL_CONVERSION = YES;
				CLANG_WARN_OBJC_ROOT_CLASS = YES_ERROR;
				CLANG_WARN_RANGE_LOOP_ANALYSIS = YES;
				CLANG_WARN_STRICT_PROTOTYPES = YES;
				CLANG_WARN_SUSPICIOUS_MOVE = YES;
				CLANG_WARN_UNGUARDED_AVAILABILITY = YES_AGGRESSIVE;
				CLANG_WARN_UNREACHABLE_CODE = YES;
				CLANG_WARN__DUPLICATE_METHOD_MATCH = YES;
				CODE_SIGN_IDENTITY = "iPhone Developer";
				COPY_PHASE_STRIP = NO;
				DEBUG_INFORMATION_FORMAT = "dwarf-with-dsym";
				ENABLE_NS_ASSERTIONS = NO;
				ENABLE_STRICT_OBJC_MSGSEND = YES;
				GCC_C_LANGUAGE_STANDARD = gnu11;
				GCC_NO_COMMON_BLOCKS = YES;
				GCC_WARN_64_TO_32_BIT_CONVERSION = YES;
				GCC_WARN_ABOUT_RETURN_TYPE = YES_ERROR;
				GCC_WARN_UNDECLARED_SELECTOR = YES;
				GCC_WARN_UNINITIALIZED_AUTOS = YES_AGGRESSIVE;
				GCC_WARN_UNUSED_FUNCTION = YES;
				GCC_WARN_UNUSED_VARIABLE = YES;
				IPHONEOS_DEPLOYMENT_TARGET = 11.2;
				MTL_ENABLE_DEBUG_INFO = NO;
				SDKROOT = iphoneos;
				VALIDATE_PRODUCT = YES;
			};
			name = Release;
		};
		CBB818682079FAFE005BD1F8 /* Debug */ = {
			isa = XCBuildConfiguration;
			buildSettings = {
				ASSETCATALOG_COMPILER_APPICON_NAME = AppIcon;
				CODE_SIGN_STYLE = Automatic;
				DEVELOPMENT_TEAM = 82DYTRDY6D;
				INFOPLIST_FILE = Dream_Begin/Info.plist;
				LD_RUNPATH_SEARCH_PATHS = "$(inherited) @executable_path/Frameworks";
				PRODUCT_BUNDLE_IDENTIFIER = "com.marco.Dream-Begin";
				PRODUCT_NAME = "$(TARGET_NAME)";
				TARGETED_DEVICE_FAMILY = "1,2";
			};
			name = Debug;
		};
		CBB818692079FAFE005BD1F8 /* Release */ = {
			isa = XCBuildConfiguration;
			buildSettings = {
				ASSETCATALOG_COMPILER_APPICON_NAME = AppIcon;
				CODE_SIGN_STYLE = Automatic;
				DEVELOPMENT_TEAM = 82DYTRDY6D;
				INFOPLIST_FILE = Dream_Begin/Info.plist;
				LD_RUNPATH_SEARCH_PATHS = "$(inherited) @executable_path/Frameworks";
				PRODUCT_BUNDLE_IDENTIFIER = "com.marco.Dream-Begin";
				PRODUCT_NAME = "$(TARGET_NAME)";
				TARGETED_DEVICE_FAMILY = "1,2";
			};
			name = Release;
		};
/* End XCBuildConfiguration section */

/* Begin XCConfigurationList section */
		CBB8184C2079FAFE005BD1F8 /* Build configuration list for PBXProject "Dream_Begin" */ = {
			isa = XCConfigurationList;
			buildConfigurations = (
				CBB818652079FAFE005BD1F8 /* Debug */,
				CBB818662079FAFE005BD1F8 /* Release */,
			);
			defaultConfigurationIsVisible = 0;
			defaultConfigurationName = Release;
		};
		CBB818672079FAFE005BD1F8 /* Build configuration list for PBXNativeTarget "Dream_Begin" */ = {
			isa = XCConfigurationList;
			buildConfigurations = (
				CBB818682079FAFE005BD1F8 /* Debug */,
				CBB818692079FAFE005BD1F8 /* Release */,
			);
			defaultConfigurationIsVisible = 0;
			defaultConfigurationName = Release;
		};
/* End XCConfigurationList section */
	};
	rootObject = CBB818492079FAFE005BD1F8 /* Project object */;
}
